<?xml version="1.0" encoding="utf-8"?>
<Project ToolsVersion="4.0" xmlns="http://schemas.microsoft.com/developer/msbuild/2003">
  <ItemGroup>
    <Filter Include="Resources">
      <UniqueIdentifier>{67DA6AB6-F800-4c08-8B7A-83BB121AAD01}</UniqueIdentifier>
      <Extensions>rc;ico;cur;bmp;dlg;rc2;rct;bin;rgs;gif;jpg;jpeg;jpe;resx;tiff;tif;png;wav;mfcribbon-ms</Extensions>
    </Filter>
    <Filter Include="root">
      <UniqueIdentifier>{4FC737F1-C7A5-4376-A066-2A32D752A2FF}</UniqueIdentifier>
      <Extensions>cpp;c;cc;cxx;def;odl;idl;hpj;bat;asm;asmx</Extensions>
    </Filter>
    <Filter Include="root\seams">
      <UniqueIdentifier>{3c3a5923-59ac-4449-9ec3-4ae0f3e9ba90}</UniqueIdentifier>
    </Filter>
  </ItemGroup>
  <ItemGroup>
    <ClInclude Include="color.h">
      <Filter>root</Filter>
    </ClInclude>
    <ClInclude Include="debouncer.h">
      <Filter>root</Filter>
    </ClInclude>
    <ClInclude Include="display.h">
      <Filter>root</Filter>
    </ClInclude>
    <ClInclude Include="dmxanimation.h">
      <Filter>root</Filter>
    </ClInclude>
    <ClInclude Include="dmxbuffer.h">
      <Filter>root</Filter>
    </ClInclude>
    <ClInclude Include="dmxreceiver.h">
      <Filter>root</Filter>
    </ClInclude>
    <ClInclude Include="dmxtransceiver.h">
      <Filter>root</Filter>
    </ClInclude>
    <ClInclude Include="flowcontroller.h">
      <Filter>root</Filter>
    </ClInclude>
    <ClInclude Include="flyingfader.h">
      <Filter>root</Filter>
    </ClInclude>
    <ClInclude Include="global.h">
      <Filter>root</Filter>
    </ClInclude>
    <ClInclude Include="ioexpander.h">
      <Filter>root</Filter>
    </ClInclude>
    <ClInclude Include="led.h">
      <Filter>root</Filter>
    </ClInclude>
    <ClInclude Include="ledmatrix.h">
      <Filter>root</Filter>
    </ClInclude>
    <ClInclude Include="ledrgb.h">
      <Filter>root</Filter>
    </ClInclude>
    <ClInclude Include="ledvumeter.h">
      <Filter>root</Filter>
    </ClInclude>
    <ClInclude Include="ledvumeterarray.h">
      <Filter>root</Filter>
    </ClInclude>
    <ClInclude Include="micelectrolytic.h">
      <Filter>root</Filter>
    </ClInclude>
    <ClInclude Include="motorhbridge.h">
      <Filter>root</Filter>
    </ClInclude>
    <ClInclude Include="octows28xx.h">
      <Filter>root</Filter>
    </ClInclude>
    <ClInclude Include="pch.h">
      <Filter>root</Filter>
    </ClInclude>
    <ClInclude Include="photosensor.h">
      <Filter>root</Filter>
    </ClInclude>
    <ClInclude Include="portali2c.h">
      <Filter>root</Filter>
    </ClInclude>
    <ClInclude Include="portalserial.h">
      <Filter>root</Filter>
    </ClInclude>
    <ClInclude Include="portalspi.h">
      <Filter>root</Filter>
    </ClInclude>
    <ClInclude Include="portaltcp.h">
      <Filter>root</Filter>
    </ClInclude>
    <ClInclude Include="portalwifi.h">
      <Filter>root</Filter>
    </ClInclude>
    <ClInclude Include="pot.h">
      <Filter>root</Filter>
    </ClInclude>
    <ClInclude Include="rgbstatusled.h">
      <Filter>root</Filter>
    </ClInclude>
    <ClInclude Include="rotaryknob.h">
      <Filter>root</Filter>
    </ClInclude>
    <ClInclude Include="rotaryknobbank.h">
      <Filter>root</Filter>
    </ClInclude>
    <ClInclude Include="statusled.h">
      <Filter>root</Filter>
    </ClInclude>
    <ClInclude Include="switch.h">
      <Filter>root</Filter>
    </ClInclude>
    <ClInclude Include="unicontroller.h">
      <Filter>root</Filter>
    </ClInclude>
    <ClInclude Include="color.hpp">
      <Filter>root</Filter>
    </ClInclude>
    <ClInclude Include="button.h">
      <Filter>root</Filter>
    </ClInclude>
  </ItemGroup>
  <ItemGroup>
    <None Include="button.inl">
      <Filter>root</Filter>
    </None>
    <None Include="color.inl">
      <Filter>root</Filter>
    </None>
    <None Include="dmxanimation.inl">
      <Filter>root</Filter>
    </None>
    <None Include="dmxbuffer.inl">
      <Filter>root</Filter>
    </None>
    <None Include="flowcontroller.inl">
      <Filter>root</Filter>
    </None>
    <None Include="flyingfader.inl">
      <Filter>root</Filter>
    </None>
    <None Include="ioexpander.inl">
      <Filter>root</Filter>
    </None>
    <None Include="knobrotary.inl">
      <Filter>root</Filter>
    </None>
    <None Include="knobrotarybank.inl">
      <Filter>root</Filter>
    </None>
    <None Include="led.inl">
      <Filter>root</Filter>
    </None>
    <None Include="ledrgb.inl">
      <Filter>root</Filter>
    </None>
    <None Include="main.inl">
      <Filter>root</Filter>
    </None>
    <None Include="micelectrolytic.inl">
      <Filter>root</Filter>
    </None>
    <None Include="module.inl">
      <Filter>root</Filter>
    </None>
    <None Include="module_debug.inl">
      <Filter>root</Filter>
    </None>
    <None Include="module_footer.inl">
      <Filter>root</Filter>
    </None>
    <None Include="module_release.inl">
      <Filter>root</Filter>
    </None>
    <None Include="motorhbridge.inl">
      <Filter>root</Filter>
    </None>
    <None Include="pch.inl">
      <Filter>root</Filter>
    </None>
    <None Include="portali2c.inl">
      <Filter>root</Filter>
    </None>
    <None Include="portalserial.inl">
      <Filter>root</Filter>
    </None>
    <None Include="portalspi.inl">
      <Filter>root</Filter>
    </None>
    <None Include="portaltcp.inl">
      <Filter>root</Filter>
    </None>
    <None Include="pot.inl">
      <Filter>root</Filter>
    </None>
    <None Include="potosensor.inl">
      <Filter>root</Filter>
    </None>
    <None Include="switch.inl">
      <Filter>root</Filter>
    </None>
    <None Include="unicontroller.inl">
      <Filter>root</Filter>
    </None>
    <None Include="readme.md">
      <Filter>root</Filter>
    </None>
    <None Include="seams\01_bar.inl">
      <Filter>root\seams</Filter>
    </None>
    <None Include="seams\all.inl">
      <Filter>root\seams</Filter>
    </None>
    <None Include="seams\00_foo.inl">
      <Filter>root\seams</Filter>
    </None>
  </ItemGroup>
</Project>